
Microsoft Visual Studio Solution File, Format Version 12.00
# Visual Studio 15
VisualStudioVersion = 15.0.27703.2047
MinimumVisualStudioVersion = 10.0.40219.1
Project("{FAE04EC0-301F-11D3-BF4B-00C04F79EFBC}") = "Hackdog", "Hackdog\Hackdog.csproj", "{AF9C3B2E-AD1E-4D5A-9A8C-3EE17352DF6D}"
EndProject
Global
	GlobalSection(SolutionConfigurationPlatforms) = preSolution
		Debug|Any CPU = Debug|Any CPU
		Release|Any CPU = Release|Any CPU
	EndGlobalSection
	GlobalSection(ProjectConfigurationPlatforms) = postSolution
		{AF9C3B2E-AD1E-4D5A-9A8C-3EE17352DF6D}.Debug|Any CPU.ActiveCfg = Debug|Any CPU
		{AF9C3B2E-AD1E-4D5A-9A8C-3EE17352DF6D}.Debug|Any CPU.Build.0 = Debug|Any CPU
		{AF9C3B2E-AD1E-4D5A-9A8C-3EE17352DF6D}.Release|Any CPU.ActiveCfg = Release|Any CPU
		{AF9C3B2E-AD1E-4D5A-9A8C-3EE17352DF6D}.Release|Any CPU.Build.0 = Release|Any CPU
	EndGlobalSection
	GlobalSection(SolutionProperties) = preSolution
		HideSolutionNode = FALSE
	EndGlobalSection
	GlobalSection(ExtensibilityGlobals) = postSolution
		SolutionGuid = {8BD426EB-1BAD-423B-B6CB-587D980DBBFF}
	EndGlobalSection
EndGlobal
